// !$*UTF8*$!
{
	archiveVersion = 1;
	classes = {
	};
	objectVersion = 56;
	objects = {

/* Begin PBXBuildFile section */
		772E48972A4BB2EC005BE065 /* ActionsSandboxApp.swift in Sources */ = {isa = PBXBuildFile; fileRef = 772E48962A4BB2EC005BE065 /* ActionsSandboxApp.swift */; };
		772E48992A4BB2EC005BE065 /* ContentView.swift in Sources */ = {isa = PBXBuildFile; fileRef = 772E48982A4BB2EC005BE065 /* ContentView.swift */; };
		772E489B2A4BB2EE005BE065 /* Assets.xcassets in Resources */ = {isa = PBXBuildFile; fileRef = 772E489A2A4BB2EE005BE065 /* Assets.xcassets */; };
		772E489E2A4BB2EE005BE065 /* Preview Assets.xcassets in Resources */ = {isa = PBXBuildFile; fileRef = 772E489D2A4BB2EE005BE065 /* Preview Assets.xcassets */; };
		772E48A82A4BB2EF005BE065 /* ActionsSandboxTests.swift in Sources */ = {isa = PBXBuildFile; fileRef = 772E48A72A4BB2EF005BE065 /* ActionsSandboxTests.swift */; };
		772E48B22A4BB2EF005BE065 /* ActionsSandboxUITests.swift in Sources */ = {isa = PBXBuildFile; fileRef = 772E48B12A4BB2EF005BE065 /* ActionsSandboxUITests.swift */; };
		772E48B42A4BB2EF005BE065 /* ActionsSandboxUITestsLaunchTests.swift in Sources */ = {isa = PBXBuildFile; fileRef = 772E48B32A4BB2EF005BE065 /* ActionsSandboxUITestsLaunchTests.swift */; };
/* End PBXBuildFile section */

/* Begin PBXContainerItemProxy section */
		772E48A42A4BB2EF005BE065 /* PBXContainerItemProxy */ = {
			isa = PBXContainerItemProxy;
			containerPortal = 772E488B2A4BB2EC005BE065 /* Project object */;
			proxyType = 1;
			remoteGlobalIDString = 772E48922A4BB2EC005BE065;
			remoteInfo = ActionsSandbox;
		};
		772E48AE2A4BB2EF005BE065 /* PBXContainerItemProxy */ = {
			isa = PBXContainerItemProxy;
			containerPortal = 772E488B2A4BB2EC005BE065 /* Project object */;
			proxyType = 1;
			remoteGlobalIDString = 772E48922A4BB2EC005BE065;
			remoteInfo = ActionsSandbox;
		};
/* End PBXContainerItemProxy section */

/* Begin PBXFileReference section */
		772E48932A4BB2EC005BE065 /* ActionsSandbox.app */ = {isa = PBXFileReference; explicitFileType = wrapper.application; includeInIndex = 0; path = ActionsSandbox.app; sourceTree = BUILT_PRODUCTS_DIR; };
		772E48962A4BB2EC005BE065 /* ActionsSandboxApp.swift */ = {isa = PBXFileReference; lastKnownFileType = sourcecode.swift; path = ActionsSandboxApp.swift; sourceTree = "<group>"; };
		772E48982A4BB2EC005BE065 /* ContentView.swift */ = {isa = PBXFileReference; lastKnownFileType = sourcecode.swift; path = ContentView.swift; sourceTree = "<group>"; };
		772E489A2A4BB2EE005BE065 /* Assets.xcassets */ = {isa = PBXFileReference; lastKnownFileType = folder.assetcatalog; path = Assets.xcassets; sourceTree = "<group>"; };
		772E489D2A4BB2EE005BE065 /* Preview Assets.xcassets */ = {isa = PBXFileReference; lastKnownFileType = folder.assetcatalog; path = "Preview Assets.xcassets"; sourceTree = "<group>"; };
		772E48A32A4BB2EF005BE065 /* ActionsSandboxTests.xctest */ = {isa = PBXFileReference; explicitFileType = wrapper.cfbundle; includeInIndex = 0; path = ActionsSandboxTests.xctest; sourceTree = BUILT_PRODUCTS_DIR; };
		772E48A72A4BB2EF005BE065 /* ActionsSandboxTests.swift */ = {isa = PBXFileReference; lastKnownFileType = sourcecode.swift; path = ActionsSandboxTests.swift; sourceTree = "<group>"; };
		772E48AD2A4BB2EF005BE065 /* ActionsSandboxUITests.xctest */ = {isa = PBXFileReference; explicitFileType = wrapper.cfbundle; includeInIndex = 0; path = ActionsSandboxUITests.xctest; sourceTree = BUILT_PRODUCTS_DIR; };
		772E48B12A4BB2EF005BE065 /* ActionsSandboxUITests.swift */ = {isa = PBXFileReference; lastKnownFileType = sourcecode.swift; path = ActionsSandboxUITests.swift; sourceTree = "<group>"; };
		772E48B32A4BB2EF005BE065 /* ActionsSandboxUITestsLaunchTests.swift */ = {isa = PBXFileReference; lastKnownFileType = sourcecode.swift; path = ActionsSandboxUITestsLaunchTests.swift; sourceTree = "<group>"; };
/* End PBXFileReference section */

/* Begin PBXFrameworksBuildPhase section */
		772E48902A4BB2EC005BE065 /* Frameworks */ = {
			isa = PBXFrameworksBuildPhase;
			buildActionMask = 2147483647;
			files = (
			);
			runOnlyForDeploymentPostprocessing = 0;
		};
		772E48A02A4BB2EF005BE065 /* Frameworks */ = {
			isa = PBXFrameworksBuildPhase;
			buildActionMask = 2147483647;
			files = (
			);
			runOnlyForDeploymentPostprocessing = 0;
		};
		772E48AA2A4BB2EF005BE065 /* Frameworks */ = {
			isa = PBXFrameworksBuildPhase;
			buildActionMask = 2147483647;
			files = (
			);
			runOnlyForDeploymentPostprocessing = 0;
		};
/* End PBXFrameworksBuildPhase section */

/* Begin PBXGroup section */
		772E488A2A4BB2EC005BE065 = {
			isa = PBXGroup;
			children = (
				772E48952A4BB2EC005BE065 /* ActionsSandbox */,
				772E48A62A4BB2EF005BE065 /* ActionsSandboxTests */,
				772E48B02A4BB2EF005BE065 /* ActionsSandboxUITests */,
				772E48942A4BB2EC005BE065 /* Products */,
			);
			sourceTree = "<group>";
		};
		772E48942A4BB2EC005BE065 /* Products */ = {
			isa = PBXGroup;
			children = (
				772E48932A4BB2EC005BE065 /* ActionsSandbox.app */,
				772E48A32A4BB2EF005BE065 /* ActionsSandboxTests.xctest */,
				772E48AD2A4BB2EF005BE065 /* ActionsSandboxUITests.xctest */,
			);
			name = Products;
			sourceTree = "<group>";
		};
		772E48952A4BB2EC005BE065 /* ActionsSandbox */ = {
			isa = PBXGroup;
			children = (
				772E48962A4BB2EC005BE065 /* ActionsSandboxApp.swift */,
				772E48982A4BB2EC005BE065 /* ContentView.swift */,
				772E489A2A4BB2EE005BE065 /* Assets.xcassets */,
				772E489C2A4BB2EE005BE065 /* Preview Content */,
			);
			path = ActionsSandbox;
			sourceTree = "<group>";
		};
		772E489C2A4BB2EE005BE065 /* Preview Content */ = {
			isa = PBXGroup;
			children = (
				772E489D2A4BB2EE005BE065 /* Preview Assets.xcassets */,
			);
			path = "Preview Content";
			sourceTree = "<group>";
		};
		772E48A62A4BB2EF005BE065 /* ActionsSandboxTests */ = {
			isa = PBXGroup;
			children = (
				772E48A72A4BB2EF005BE065 /* ActionsSandboxTests.swift */,
			);
			path = ActionsSandboxTests;
			sourceTree = "<group>";
		};
		772E48B02A4BB2EF005BE065 /* ActionsSandboxUITests */ = {
			isa = PBXGroup;
			children = (
				772E48B12A4BB2EF005BE065 /* ActionsSandboxUITests.swift */,
				772E48B32A4BB2EF005BE065 /* ActionsSandboxUITestsLaunchTests.swift */,
			);
			path = ActionsSandboxUITests;
			sourceTree = "<group>";
		};
/* End PBXGroup section */

/* Begin PBXNativeTarget section */
		772E48922A4BB2EC005BE065 /* ActionsSandbox */ = {
			isa = PBXNativeTarget;
			buildConfigurationList = 772E48B72A4BB2EF005BE065 /* Build configuration list for PBXNativeTarget "ActionsSandbox" */;
			buildPhases = (
				772E488F2A4BB2EC005BE065 /* Sources */,
				772E48902A4BB2EC005BE065 /* Frameworks */,
				772E48912A4BB2EC005BE065 /* Resources */,
			);
			buildRules = (
			);
			dependencies = (
			);
			name = ActionsSandbox;
			productName = ActionsSandbox;
			productReference = 772E48932A4BB2EC005BE065 /* ActionsSandbox.app */;
			productType = "com.apple.product-type.application";
		};
		772E48A22A4BB2EF005BE065 /* ActionsSandboxTests */ = {
			isa = PBXNativeTarget;
			buildConfigurationList = 772E48BA2A4BB2EF005BE065 /* Build configuration list for PBXNativeTarget "ActionsSandboxTests" */;
			buildPhases = (
				772E489F2A4BB2EF005BE065 /* Sources */,
				772E48A02A4BB2EF005BE065 /* Frameworks */,
				772E48A12A4BB2EF005BE065 /* Resources */,
			);
			buildRules = (
			);
			dependencies = (
				772E48A52A4BB2EF005BE065 /* PBXTargetDependency */,
			);
			name = ActionsSandboxTests;
			productName = ActionsSandboxTests;
			productReference = 772E48A32A4BB2EF005BE065 /* ActionsSandboxTests.xctest */;
			productType = "com.apple.product-type.bundle.unit-test";
		};
		772E48AC2A4BB2EF005BE065 /* ActionsSandboxUITests */ = {
			isa = PBXNativeTarget;
			buildConfigurationList = 772E48BD2A4BB2EF005BE065 /* Build configuration list for PBXNativeTarget "ActionsSandboxUITests" */;
			buildPhases = (
				772E48A92A4BB2EF005BE065 /* Sources */,
				772E48AA2A4BB2EF005BE065 /* Frameworks */,
				772E48AB2A4BB2EF005BE065 /* Resources */,
			);
			buildRules = (
			);
			dependencies = (
				772E48AF2A4BB2EF005BE065 /* PBXTargetDependency */,
			);
			name = ActionsSandboxUITests;
			productName = ActionsSandboxUITests;
			productReference = 772E48AD2A4BB2EF005BE065 /* ActionsSandboxUITests.xctest */;
			productType = "com.apple.product-type.bundle.ui-testing";
		};
/* End PBXNativeTarget section */

/* Begin PBXProject section */
		772E488B2A4BB2EC005BE065 /* Project object */ = {
			isa = PBXProject;
			attributes = {
				BuildIndependentTargetsInParallel = 1;
				LastSwiftUpdateCheck = 1430;
				LastUpgradeCheck = 1430;
				TargetAttributes = {
					772E48922A4BB2EC005BE065 = {
						CreatedOnToolsVersion = 14.3;
					};
					772E48A22A4BB2EF005BE065 = {
						CreatedOnToolsVersion = 14.3;
						TestTargetID = 772E48922A4BB2EC005BE065;
					};
					772E48AC2A4BB2EF005BE065 = {
						CreatedOnToolsVersion = 14.3;
						TestTargetID = 772E48922A4BB2EC005BE065;
					};
				};
			};
			buildConfigurationList = 772E488E2A4BB2EC005BE065 /* Build configuration list for PBXProject "ActionsSandbox" */;
			compatibilityVersion = "Xcode 14.0";
			developmentRegion = en;
			hasScannedForEncodings = 0;
			knownRegions = (
				en,
				Base,
			);
			mainGroup = 772E488A2A4BB2EC005BE065;
			productRefGroup = 772E48942A4BB2EC005BE065 /* Products */;
			projectDirPath = "";
			projectRoot = "";
			targets = (
				772E48922A4BB2EC005BE065 /* ActionsSandbox */,
				772E48A22A4BB2EF005BE065 /* ActionsSandboxTests */,
				772E48AC2A4BB2EF005BE065 /* ActionsSandboxUITests */,
			);
		};
/* End PBXProject section */

/* Begin PBXResourcesBuildPhase section */
		772E48912A4BB2EC005BE065 /* Resources */ = {
			isa = PBXResourcesBuildPhase;
			buildActionMask = 2147483647;
			files = (
				772E489E2A4BB2EE005BE065 /* Preview Assets.xcassets in Resources */,
				772E489B2A4BB2EE005BE065 /* Assets.xcassets in Resources */,
			);
			runOnlyForDeploymentPostprocessing = 0;
		};
		772E48A12A4BB2EF005BE065 /* Resources */ = {
			isa = PBXResourcesBuildPhase;
			buildActionMask = 2147483647;
			files = (
			);
			runOnlyForDeploymentPostprocessing = 0;
		};
		772E48AB2A4BB2EF005BE065 /* Resources */ = {
			isa = PBXResourcesBuildPhase;
			buildActionMask = 2147483647;
			files = (
			);
			runOnlyForDeploymentPostprocessing = 0;
		};
/* End PBXResourcesBuildPhase section */

/* Begin PBXSourcesBuildPhase section */
		772E488F2A4BB2EC005BE065 /* Sources */ = {
			isa = PBXSourcesBuildPhase;
			buildActionMask = 2147483647;
			files = (
				772E48992A4BB2EC005BE065 /* ContentView.swift in Sources */,
				772E48972A4BB2EC005BE065 /* ActionsSandboxApp.swift in Sources */,
			);
			runOnlyForDeploymentPostprocessing = 0;
		};
		772E489F2A4BB2EF005BE065 /* Sources */ = {
			isa = PBXSourcesBuildPhase;
			buildActionMask = 2147483647;
			files = (
				772E48A82A4BB2EF005BE065 /* ActionsSandboxTests.swift in Sources */,
			);
			runOnlyForDeploymentPostprocessing = 0;
		};
		772E48A92A4BB2EF005BE065 /* Sources */ = {
			isa = PBXSourcesBuildPhase;
			buildActionMask = 2147483647;
			files = (
				772E48B42A4BB2EF005BE065 /* ActionsSandboxUITestsLaunchTests.swift in Sources */,
				772E48B22A4BB2EF005BE065 /* ActionsSandboxUITests.swift in Sources */,
			);
			runOnlyForDeploymentPostprocessing = 0;
		};
/* End PBXSourcesBuildPhase section */

/* Begin PBXTargetDependency section */
		772E48A52A4BB2EF005BE065 /* PBXTargetDependency */ = {
			isa = PBXTargetDependency;
			target = 772E48922A4BB2EC005BE065 /* ActionsSandbox */;
			targetProxy = 772E48A42A4BB2EF005BE065 /* PBXContainerItemProxy */;
		};
		772E48AF2A4BB2EF005BE065 /* PBXTargetDependency */ = {
			isa = PBXTargetDependency;
			target = 772E48922A4BB2EC005BE065 /* ActionsSandbox */;
			targetProxy = 772E48AE2A4BB2EF005BE065 /* PBXContainerItemProxy */;
		};
/* End PBXTargetDependency section */

/* Begin XCBuildConfiguration section */
		772E48B52A4BB2EF005BE065 /* Debug */ = {
			isa = XCBuildConfiguration;
			buildSettings = {
				ALWAYS_SEARCH_USER_PATHS = NO;
				CLANG_ANALYZER_NONNULL = YES;
				CLANG_ANALYZER_NUMBER_OBJECT_CONVERSION = YES_AGGRESSIVE;
				CLANG_CXX_LANGUAGE_STANDARD = "gnu++20";
				CLANG_ENABLE_MODULES = YES;
				CLANG_ENABLE_OBJC_ARC = YES;
				CLANG_ENABLE_OBJC_WEAK = YES;
				CLANG_WARN_BLOCK_CAPTURE_AUTORELEASING = YES;
				CLANG_WARN_BOOL_CONVERSION = YES;
				CLANG_WARN_COMMA = YES;
				CLANG_WARN_CONSTANT_CONVERSION = YES;
				CLANG_WARN_DEPRECATED_OBJC_IMPLEMENTATIONS = YES;
				CLANG_WARN_DIRECT_OBJC_ISA_USAGE = YES_ERROR;
				CLANG_WARN_DOCUMENTATION_COMMENTS = YES;
				CLANG_WARN_EMPTY_BODY = YES;
				CLANG_WARN_ENUM_CONVERSION = YES;
				CLANG_WARN_INFINITE_RECURSION = YES;
				CLANG_WARN_INT_CONVERSION = YES;
				CLANG_WARN_NON_LITERAL_NULL_CONVERSION = YES;
				CLANG_WARN_OBJC_IMPLICIT_RETAIN_SELF = YES;
				CLANG_WARN_OBJC_LITERAL_CONVERSION = YES;
				CLANG_WARN_OBJC_ROOT_CLASS = YES_ERROR;
				CLANG_WARN_QUOTED_INCLUDE_IN_FRAMEWORK_HEADER = YES;
				CLANG_WARN_RANGE_LOOP_ANALYSIS = YES;
				CLANG_WARN_STRICT_PROTOTYPES = YES;
				CLANG_WARN_SUSPICIOUS_MOVE = YES;
				CLANG_WARN_UNGUARDED_AVAILABILITY = YES_AGGRESSIVE;
				CLANG_WARN_UNREACHABLE_CODE = YES;
				CLANG_WARN__DUPLICATE_METHOD_MATCH = YES;
				COPY_PHASE_STRIP = NO;
				DEBUG_INFORMATION_FORMAT = dwarf;
				ENABLE_STRICT_OBJC_MSGSEND = YES;
				ENABLE_TESTABILITY = YES;
				GCC_C_LANGUAGE_STANDARD = gnu11;
				GCC_DYNAMIC_NO_PIC = NO;
				GCC_NO_COMMON_BLOCKS = YES;
				GCC_OPTIMIZATION_LEVEL = 0;
				GCC_PREPROCESSOR_DEFINITIONS = (
					"DEBUG=1",
					"$(inherited)",
				);
				GCC_WARN_64_TO_32_BIT_CONVERSION = YES;
				GCC_WARN_ABOUT_RETURN_TYPE = YES_ERROR;
				GCC_WARN_UNDECLARED_SELECTOR = YES;
				GCC_WARN_UNINITIALIZED_AUTOS = YES_AGGRESSIVE;
				GCC_WARN_UNUSED_FUNCTION = YES;
				GCC_WARN_UNUSED_VARIABLE = YES;
				IPHONEOS_DEPLOYMENT_TARGET = 16.4;
				MTL_ENABLE_DEBUG_INFO = INCLUDE_SOURCE;
				MTL_FAST_MATH = YES;
				ONLY_ACTIVE_ARCH = YES;
				SDKROOT = iphoneos;
				SWIFT_ACTIVE_COMPILATION_CONDITIONS = DEBUG;
				SWIFT_OPTIMIZATION_LEVEL = "-Onone";
			};
			name = Debug;
		};
		772E48B62A4BB2EF005BE065 /* Release */ = {
			isa = XCBuildConfiguration;
			buildSettings = {
				ALWAYS_SEARCH_USER_PATHS = NO;
				CLANG_ANALYZER_NONNULL = YES;
				CLANG_ANALYZER_NUMBER_OBJECT_CONVERSION = YES_AGGRESSIVE;
				CLANG_CXX_LANGUAGE_STANDARD = "gnu++20";
				CLANG_ENABLE_MODULES = YES;
				CLANG_ENABLE_OBJC_ARC = YES;
				CLANG_ENABLE_OBJC_WEAK = YES;
				CLANG_WARN_BLOCK_CAPTURE_AUTORELEASING = YES;
				CLANG_WARN_BOOL_CONVERSION = YES;
				CLANG_WARN_COMMA = YES;
				CLANG_WARN_CONSTANT_CONVERSION = YES;
				CLANG_WARN_DEPRECATED_OBJC_IMPLEMENTATIONS = YES;
				CLANG_WARN_DIRECT_OBJC_ISA_USAGE = YES_ERROR;
				CLANG_WARN_DOCUMENTATION_COMMENTS = YES;
				CLANG_WARN_EMPTY_BODY = YES;
				CLANG_WARN_ENUM_CONVERSION = YES;
				CLANG_WARN_INFINITE_RECURSION = YES;
				CLANG_WARN_INT_CONVERSION = YES;
				CLANG_WARN_NON_LITERAL_NULL_CONVERSION = YES;
				CLANG_WARN_OBJC_IMPLICIT_RETAIN_SELF = YES;
				CLANG_WARN_OBJC_LITERAL_CONVERSION = YES;
				CLANG_WARN_OBJC_ROOT_CLASS = YES_ERROR;
				CLANG_WARN_QUOTED_INCLUDE_IN_FRAMEWORK_HEADER = YES;
				CLANG_WARN_RANGE_LOOP_ANALYSIS = YES;
				CLANG_WARN_STRICT_PROTOTYPES = YES;
				CLANG_WARN_SUSPICIOUS_MOVE = YES;
				CLANG_WARN_UNGUARDED_AVAILABILITY = YES_AGGRESSIVE;
				CLANG_WARN_UNREACHABLE_CODE = YES;
				CLANG_WARN__DUPLICATE_METHOD_MATCH = YES;
				COPY_PHASE_STRIP = NO;
				DEBUG_INFORMATION_FORMAT = "dwarf-with-dsym";
				ENABLE_NS_ASSERTIONS = NO;
				ENABLE_STRICT_OBJC_MSGSEND = YES;
				GCC_C_LANGUAGE_STANDARD = gnu11;
				GCC_NO_COMMON_BLOCKS = YES;
				GCC_WARN_64_TO_32_BIT_CONVERSION = YES;
				GCC_WARN_ABOUT_RETURN_TYPE = YES_ERROR;
				GCC_WARN_UNDECLARED_SELECTOR = YES;
				GCC_WARN_UNINITIALIZED_AUTOS = YES_AGGRESSIVE;
				GCC_WARN_UNUSED_FUNCTION = YES;
				GCC_WARN_UNUSED_VARIABLE = YES;
				IPHONEOS_DEPLOYMENT_TARGET = 16.4;
				MTL_ENABLE_DEBUG_INFO = NO;
				MTL_FAST_MATH = YES;
				SDKROOT = iphoneos;
				SWIFT_COMPILATION_MODE = wholemodule;
				SWIFT_OPTIMIZATION_LEVEL = "-O";
				VALIDATE_PRODUCT = YES;
			};
			name = Release;
		};
		772E48B82A4BB2EF005BE065 /* Debug */ = {
			isa = XCBuildConfiguration;
			buildSettings = {
				ASSETCATALOG_COMPILER_APPICON_NAME = AppIcon;
				ASSETCATALOG_COMPILER_GLOBAL_ACCENT_COLOR_NAME = AccentColor;
				CODE_SIGN_STYLE = Automatic;
				CURRENT_PROJECT_VERSION = 1;
				DEVELOPMENT_ASSET_PATHS = "\"ActionsSandbox/Preview Content\"";
				DEVELOPMENT_TEAM = RF8YQ9BMRR;
				ENABLE_PREVIEWS = YES;
				GENERATE_INFOPLIST_FILE = YES;
				INFOPLIST_KEY_UIApplicationSceneManifest_Generation = YES;
				INFOPLIST_KEY_UIApplicationSupportsIndirectInputEvents = YES;
				INFOPLIST_KEY_UILaunchScreen_Generation = YES;
				INFOPLIST_KEY_UISupportedInterfaceOrientations_iPad = "UIInterfaceOrientationPortrait UIInterfaceOrientationPortraitUpsideDown UIInterfaceOrientationLandscapeLeft UIInterfaceOrientationLandscapeRight";
				INFOPLIST_KEY_UISupportedInterfaceOrientations_iPhone = "UIInterfaceOrientationPortrait UIInterfaceOrientationLandscapeLeft UIInterfaceOrientationLandscapeRight";
				LD_RUNPATH_SEARCH_PATHS = (
					"$(inherited)",
					"@executable_path/Frameworks",
				);
				MARKETING_VERSION = 1.0;
				PRODUCT_BUNDLE_IDENTIFIER = com.t000y.ActionsSandbox;
				PRODUCT_NAME = "$(TARGET_NAME)";
				SWIFT_EMIT_LOC_STRINGS = YES;
				SWIFT_VERSION = 5.0;
				TARGETED_DEVICE_FAMILY = "1,2";
			};
			name = Debug;
		};
		772E48B92A4BB2EF005BE065 /* Release */ = {
			isa = XCBuildConfiguration;
			buildSettings = {
				ASSETCATALOG_COMPILER_APPICON_NAME = AppIcon;
				ASSETCATALOG_COMPILER_GLOBAL_ACCENT_COLOR_NAME = AccentColor;
				CODE_SIGN_STYLE = Automatic;
				CURRENT_PROJECT_VERSION = 1;
				DEVELOPMENT_ASSET_PATHS = "\"ActionsSandbox/Preview Content\"";
				DEVELOPMENT_TEAM = RF8YQ9BMRR;
				ENABLE_PREVIEWS = YES;
				GENERATE_INFOPLIST_FILE = YES;
				INFOPLIST_KEY_UIApplicationSceneManifest_Generation = YES;
				INFOPLIST_KEY_UIApplicationSupportsIndirectInputEvents = YES;
				INFOPLIST_KEY_UILaunchScreen_Generation = YES;
				INFOPLIST_KEY_UISupportedInterfaceOrientations_iPad = "UIInterfaceOrientationPortrait UIInterfaceOrientationPortraitUpsideDown UIInterfaceOrientationLandscapeLeft UIInterfaceOrientationLandscapeRight";
				INFOPLIST_KEY_UISupportedInterfaceOrientations_iPhone = "UIInterfaceOrientationPortrait UIInterfaceOrientationLandscapeLeft UIInterfaceOrientationLandscapeRight";
				LD_RUNPATH_SEARCH_PATHS = (
					"$(inherited)",
					"@executable_path/Frameworks",
				);
				MARKETING_VERSION = 1.0;
				PRODUCT_BUNDLE_IDENTIFIER = com.t000y.ActionsSandbox;
				PRODUCT_NAME = "$(TARGET_NAME)";
				SWIFT_EMIT_LOC_STRINGS = YES;
				SWIFT_VERSION = 5.0;
				TARGETED_DEVICE_FAMILY = "1,2";
			};
			name = Release;
		};
		772E48BB2A4BB2EF005BE065 /* Debug */ = {
			isa = XCBuildConfiguration;
			buildSettings = {
				ALWAYS_EMBED_SWIFT_STANDARD_LIBRARIES = YES;
				BUNDLE_LOADER = "$(TEST_HOST)";
				CODE_SIGN_STYLE = Automatic;
				CURRENT_PROJECT_VERSION = 1;
				DEVELOPMENT_TEAM = RF8YQ9BMRR;
				GENERATE_INFOPLIST_FILE = YES;
				IPHONEOS_DEPLOYMENT_TARGET = 16.4;
				MARKETING_VERSION = 1.0;
				PRODUCT_BUNDLE_IDENTIFIER = com.t000y.ActionsSandboxTests;
				PRODUCT_NAME = "$(TARGET_NAME)";
				SWIFT_EMIT_LOC_STRINGS = NO;
				SWIFT_VERSION = 5.0;
				TARGETED_DEVICE_FAMILY = "1,2";
				TEST_HOST = "$(BUILT_PRODUCTS_DIR)/ActionsSandbox.app/$(BUNDLE_EXECUTABLE_FOLDER_PATH)/ActionsSandbox";
			};
			name = Debug;
		};
		772E48BC2A4BB2EF005BE065 /* Release */ = {
			isa = XCBuildConfiguration;
			buildSettings = {
				ALWAYS_EMBED_SWIFT_STANDARD_LIBRARIES = YES;
				BUNDLE_LOADER = "$(TEST_HOST)";
				CODE_SIGN_STYLE = Automatic;
				CURRENT_PROJECT_VERSION = 1;
				DEVELOPMENT_TEAM = RF8YQ9BMRR;
				GENERATE_INFOPLIST_FILE = YES;
				IPHONEOS_DEPLOYMENT_TARGET = 16.4;
				MARKETING_VERSION = 1.0;
				PRODUCT_BUNDLE_IDENTIFIER = com.t000y.ActionsSandboxTests;
				PRODUCT_NAME = "$(TARGET_NAME)";
				SWIFT_EMIT_LOC_STRINGS = NO;
				SWIFT_VERSION = 5.0;
				TARGETED_DEVICE_FAMILY = "1,2";
				TEST_HOST = "$(BUILT_PRODUCTS_DIR)/ActionsSandbox.app/$(BUNDLE_EXECUTABLE_FOLDER_PATH)/ActionsSandbox";
			};
			name = Release;
		};
		772E48BE2A4BB2EF005BE065 /* Debug */ = {
			isa = XCBuildConfiguration;
			buildSettings = {
				ALWAYS_EMBED_SWIFT_STANDARD_LIBRARIES = YES;
				CODE_SIGN_STYLE = Automatic;
				CURRENT_PROJECT_VERSION = 1;
				DEVELOPMENT_TEAM = RF8YQ9BMRR;
				GENERATE_INFOPLIST_FILE = YES;
				MARKETING_VERSION = 1.0;
				PRODUCT_BUNDLE_IDENTIFIER = com.t000y.ActionsSandboxUITests;
				PRODUCT_NAME = "$(TARGET_NAME)";
				SWIFT_EMIT_LOC_STRINGS = NO;
				SWIFT_VERSION = 5.0;
				TARGETED_DEVICE_FAMILY = "1,2";
				TEST_TARGET_NAME = ActionsSandbox;
			};
			name = Debug;
		};
		772E48BF2A4BB2EF005BE065 /* Release */ = {
			isa = XCBuildConfiguration;
			buildSettings = {
				ALWAYS_EMBED_SWIFT_STANDARD_LIBRARIES = YES;
				CODE_SIGN_STYLE = Automatic;
				CURRENT_PROJECT_VERSION = 1;
				DEVELOPMENT_TEAM = RF8YQ9BMRR;
				GENERATE_INFOPLIST_FILE = YES;
				MARKETING_VERSION = 1.0;
				PRODUCT_BUNDLE_IDENTIFIER = com.t000y.ActionsSandboxUITests;
				PRODUCT_NAME = "$(TARGET_NAME)";
				SWIFT_EMIT_LOC_STRINGS = NO;
				SWIFT_VERSION = 5.0;
				TARGETED_DEVICE_FAMILY = "1,2";
				TEST_TARGET_NAME = ActionsSandbox;
			};
			name = Release;
		};
/* End XCBuildConfiguration section */

/* Begin XCConfigurationList section */
		772E488E2A4BB2EC005BE065 /* Build configuration list for PBXProject "ActionsSandbox" */ = {
			isa = XCConfigurationList;
			buildConfigurations = (
				772E48B52A4BB2EF005BE065 /* Debug */,
				772E48B62A4BB2EF005BE065 /* Release */,
			);
			defaultConfigurationIsVisible = 0;
			defaultConfigurationName = Release;
		};
		772E48B72A4BB2EF005BE065 /* Build configuration list for PBXNativeTarget "ActionsSandbox" */ = {
			isa = XCConfigurationList;
			buildConfigurations = (
				772E48B82A4BB2EF005BE065 /* Debug */,
				772E48B92A4BB2EF005BE065 /* Release */,
			);
			defaultConfigurationIsVisible = 0;
			defaultConfigurationName = Release;
		};
		772E48BA2A4BB2EF005BE065 /* Build configuration list for PBXNativeTarget "ActionsSandboxTests" */ = {
			isa = XCConfigurationList;
			buildConfigurations = (
				772E48BB2A4BB2EF005BE065 /* Debug */,
				772E48BC2A4BB2EF005BE065 /* Release */,
			);
			defaultConfigurationIsVisible = 0;
			defaultConfigurationName = Release;
		};
		772E48BD2A4BB2EF005BE065 /* Build configuration list for PBXNativeTarget "ActionsSandboxUITests" */ = {
			isa = XCConfigurationList;
			buildConfigurations = (
				772E48BE2A4BB2EF005BE065 /* Debug */,
				772E48BF2A4BB2EF005BE065 /* Release */,
			);
			defaultConfigurationIsVisible = 0;
			defaultConfigurationName = Release;
		};
/* End XCConfigurationList section */
	};
	rootObject = 772E488B2A4BB2EC005BE065 /* Project object */;
}
